// !$*UTF8*$!
{
	archiveVersion = 1;
	classes = {
	};
	objectVersion = 50;
	objects = {

/* Begin PBXBuildFile section */
		5140B9D2210B2D9400005FEF /* AppDelegate.swift in Sources */ = {isa = PBXBuildFile; fileRef = 5140B9D1210B2D9400005FEF /* AppDelegate.swift */; };
		5140B9D4210B2D9400005FEF /* ViewController.swift in Sources */ = {isa = PBXBuildFile; fileRef = 5140B9D3210B2D9400005FEF /* ViewController.swift */; };
		5140B9D7210B2D9400005FEF /* Main.storyboard in Resources */ = {isa = PBXBuildFile; fileRef = 5140B9D5210B2D9400005FEF /* Main.storyboard */; };
		5140B9D9210B2D9500005FEF /* Assets.xcassets in Resources */ = {isa = PBXBuildFile; fileRef = 5140B9D8210B2D9500005FEF /* Assets.xcassets */; };
		5140B9DC210B2D9500005FEF /* LaunchScreen.storyboard in Resources */ = {isa = PBXBuildFile; fileRef = 5140B9DA210B2D9500005FEF /* LaunchScreen.storyboard */; };
		5140B9E4210B2E0800005FEF /* MyView1.swift in Sources */ = {isa = PBXBuildFile; fileRef = 5140B9E3210B2E0800005FEF /* MyView1.swift */; };
		5140B9E6210B2E1700005FEF /* MyView2.swift in Sources */ = {isa = PBXBuildFile; fileRef = 5140B9E5210B2E1700005FEF /* MyView2.swift */; };
/* End PBXBuildFile section */

/* Begin PBXFileReference section */
		5140B9CE210B2D9400005FEF /* DrawingAnArrow.app */ = {isa = PBXFileReference; explicitFileType = wrapper.application; includeInIndex = 0; path = DrawingAnArrow.app; sourceTree = BUILT_PRODUCTS_DIR; };
		5140B9D1210B2D9400005FEF /* AppDelegate.swift */ = {isa = PBXFileReference; lastKnownFileType = sourcecode.swift; path = AppDelegate.swift; sourceTree = "<group>"; };
		5140B9D3210B2D9400005FEF /* ViewController.swift */ = {isa = PBXFileReference; lastKnownFileType = sourcecode.swift; path = ViewController.swift; sourceTree = "<group>"; };
		5140B9D6210B2D9400005FEF /* Base */ = {isa = PBXFileReference; lastKnownFileType = file.storyboard; name = Base; path = Base.lproj/Main.storyboard; sourceTree = "<group>"; };
		5140B9D8210B2D9500005FEF /* Assets.xcassets */ = {isa = PBXFileReference; lastKnownFileType = folder.assetcatalog; path = Assets.xcassets; sourceTree = "<group>"; };
		5140B9DB210B2D9500005FEF /* Base */ = {isa = PBXFileReference; lastKnownFileType = file.storyboard; name = Base; path = Base.lproj/LaunchScreen.storyboard; sourceTree = "<group>"; };
		5140B9DD210B2D9500005FEF /* Info.plist */ = {isa = PBXFileReference; lastKnownFileType = text.plist.xml; path = Info.plist; sourceTree = "<group>"; };
		5140B9E3210B2E0800005FEF /* MyView1.swift */ = {isa = PBXFileReference; lastKnownFileType = sourcecode.swift; path = MyView1.swift; sourceTree = "<group>"; };
		5140B9E5210B2E1700005FEF /* MyView2.swift */ = {isa = PBXFileReference; lastKnownFileType = sourcecode.swift; path = MyView2.swift; sourceTree = "<group>"; };
/* End PBXFileReference section */

/* Begin PBXFrameworksBuildPhase section */
		5140B9CB210B2D9400005FEF /* Frameworks */ = {
			isa = PBXFrameworksBuildPhase;
			buildActionMask = 2147483647;
			files = (
			);
			runOnlyForDeploymentPostprocessing = 0;
		};
/* End PBXFrameworksBuildPhase section */

/* Begin PBXGroup section */
		5140B9C5210B2D9400005FEF = {
			isa = PBXGroup;
			children = (
				5140B9D0210B2D9400005FEF /* DrawingAnArrow */,
				5140B9CF210B2D9400005FEF /* Products */,
			);
			sourceTree = "<group>";
		};
		5140B9CF210B2D9400005FEF /* Products */ = {
			isa = PBXGroup;
			children = (
				5140B9CE210B2D9400005FEF /* DrawingAnArrow.app */,
			);
			name = Products;
			sourceTree = "<group>";
		};
		5140B9D0210B2D9400005FEF /* DrawingAnArrow */ = {
			isa = PBXGroup;
			children = (
				5140B9D1210B2D9400005FEF /* AppDelegate.swift */,
				5140B9D3210B2D9400005FEF /* ViewController.swift */,
				5140B9D5210B2D9400005FEF /* Main.storyboard */,
				5140B9E3210B2E0800005FEF /* MyView1.swift */,
				5140B9E5210B2E1700005FEF /* MyView2.swift */,
				5140B9D8210B2D9500005FEF /* Assets.xcassets */,
				5140B9DA210B2D9500005FEF /* LaunchScreen.storyboard */,
				5140B9DD210B2D9500005FEF /* Info.plist */,
			);
			path = DrawingAnArrow;
			sourceTree = "<group>";
		};
/* End PBXGroup section */

/* Begin PBXNativeTarget section */
		5140B9CD210B2D9400005FEF /* DrawingAnArrow */ = {
			isa = PBXNativeTarget;
			buildConfigurationList = 5140B9E0210B2D9500005FEF /* Build configuration list for PBXNativeTarget "DrawingAnArrow" */;
			buildPhases = (
				5140B9CA210B2D9400005FEF /* Sources */,
				5140B9CB210B2D9400005FEF /* Frameworks */,
				5140B9CC210B2D9400005FEF /* Resources */,
			);
			buildRules = (
			);
			dependencies = (
			);
			name = DrawingAnArrow;
			productName = DrawingAnArrow;
			productReference = 5140B9CE210B2D9400005FEF /* DrawingAnArrow.app */;
			productType = "com.apple.product-type.application";
		};
/* End PBXNativeTarget section */

/* Begin PBXProject section */
		5140B9C6210B2D9400005FEF /* Project object */ = {
			isa = PBXProject;
			attributes = {
				LastSwiftUpdateCheck = 1000;
				LastUpgradeCheck = 1000;
				ORGANIZATIONNAME = "Mazharul Huq";
				TargetAttributes = {
					5140B9CD210B2D9400005FEF = {
						CreatedOnToolsVersion = 10.0;
					};
				};
			};
			buildConfigurationList = 5140B9C9210B2D9400005FEF /* Build configuration list for PBXProject "DrawingAnArrow" */;
			compatibilityVersion = "Xcode 9.3";
			developmentRegion = en;
			hasScannedForEncodings = 0;
			knownRegions = (
				en,
				Base,
			);
			mainGroup = 5140B9C5210B2D9400005FEF;
			productRefGroup = 5140B9CF210B2D9400005FEF /* Products */;
			projectDirPath = "";
			projectRoot = "";
			targets = (
				5140B9CD210B2D9400005FEF /* DrawingAnArrow */,
			);
		};
/* End PBXProject section */

/* Begin PBXResourcesBuildPhase section */
		5140B9CC210B2D9400005FEF /* Resources */ = {
			isa = PBXResourcesBuildPhase;
			buildActionMask = 2147483647;
			files = (
				5140B9DC210B2D9500005FEF /* LaunchScreen.storyboard in Resources */,
				5140B9D9210B2D9500005FEF /* Assets.xcassets in Resources */,
				5140B9D7210B2D9400005FEF /* Main.storyboard in Resources */,
			);
			runOnlyForDeploymentPostprocessing = 0;
		};
/* End PBXResourcesBuildPhase section */

/* Begin PBXSourcesBuildPhase section */
		5140B9CA210B2D9400005FEF /* Sources */ = {
			isa = PBXSourcesBuildPhase;
			buildActionMask = 2147483647;
			files = (
				5140B9E4210B2E0800005FEF /* MyView1.swift in Sources */,
				5140B9D4210B2D9400005FEF /* ViewController.swift in Sources */,
				5140B9D2210B2D9400005FEF /* AppDelegate.swift in Sources */,
				5140B9E6210B2E1700005FEF /* MyView2.swift in Sources */,
			);
			runOnlyForDeploymentPostprocessing = 0;
		};
/* End PBXSourcesBuildPhase section */

/* Begin PBXVariantGroup section */
		5140B9D5210B2D9400005FEF /* Main.storyboard */ = {
			isa = PBXVariantGroup;
			children = (
				5140B9D6210B2D9400005FEF /* Base */,
			);
			name = Main.storyboard;
			sourceTree = "<group>";
		};
		5140B9DA210B2D9500005FEF /* LaunchScreen.storyboard */ = {
			isa = PBXVariantGroup;
			children = (
				5140B9DB210B2D9500005FEF /* Base */,
			);
			name = LaunchScreen.storyboard;
			sourceTree = "<group>";
		};
/* End PBXVariantGroup section */

/* Begin XCBuildConfiguration section */
		5140B9DE210B2D9500005FEF /* Debug */ = {
			isa = XCBuildConfiguration;
			buildSettings = {
				ALWAYS_SEARCH_USER_PATHS = NO;
				CLANG_ANALYZER_NONNULL = YES;
				CLANG_ANALYZER_NUMBER_OBJECT_CONVERSION = YES_AGGRESSIVE;
				CLANG_CXX_LANGUAGE_STANDARD = "gnu++14";
				CLANG_CXX_LIBRARY = "libc++";
				CLANG_ENABLE_MODULES = YES;
				CLANG_ENABLE_OBJC_ARC = YES;
				CLANG_ENABLE_OBJC_WEAK = YES;
				CLANG_WARN_BLOCK_CAPTURE_AUTORELEASING = YES;
				CLANG_WARN_BOOL_CONVERSION = YES;
				CLANG_WARN_COMMA = YES;
				CLANG_WARN_CONSTANT_CONVERSION = YES;
				CLANG_WARN_DEPRECATED_OBJC_IMPLEMENTATIONS = YES;
				CLANG_WARN_DIRECT_OBJC_ISA_USAGE = YES_ERROR;
				CLANG_WARN_DOCUMENTATION_COMMENTS = YES;
				CLANG_WARN_EMPTY_BODY = YES;
				CLANG_WARN_ENUM_CONVERSION = YES;
				CLANG_WARN_INFINITE_RECURSION = YES;
				CLANG_WARN_INT_CONVERSION = YES;
				CLANG_WARN_NON_LITERAL_NULL_CONVERSION = YES;
				CLANG_WARN_OBJC_IMPLICIT_RETAIN_SELF = YES;
				CLANG_WARN_OBJC_LITERAL_CONVERSION = YES;
				CLANG_WARN_OBJC_ROOT_CLASS = YES_ERROR;
				CLANG_WARN_RANGE_LOOP_ANALYSIS = YES;
				CLANG_WARN_STRICT_PROTOTYPES = YES;
				CLANG_WARN_SUSPICIOUS_MOVE = YES;
				CLANG_WARN_UNGUARDED_AVAILABILITY = YES_AGGRESSIVE;
				CLANG_WARN_UNREACHABLE_CODE = YES;
				CLANG_WARN__DUPLICATE_METHOD_MATCH = YES;
				CODE_SIGN_IDENTITY = "iPhone Developer";
				COPY_PHASE_STRIP = NO;
				DEBUG_INFORMATION_FORMAT = dwarf;
				ENABLE_STRICT_OBJC_MSGSEND = YES;
				ENABLE_TESTABILITY = YES;
				GCC_C_LANGUAGE_STANDARD = gnu11;
				GCC_DYNAMIC_NO_PIC = NO;
				GCC_NO_COMMON_BLOCKS = YES;
				GCC_OPTIMIZATION_LEVEL = 0;
				GCC_PREPROCESSOR_DEFINITIONS = (
					"DEBUG=1",
					"$(inherited)",
				);
				GCC_WARN_64_TO_32_BIT_CONVERSION = YES;
				GCC_WARN_ABOUT_RETURN_TYPE = YES_ERROR;
				GCC_WARN_UNDECLARED_SELECTOR = YES;
				GCC_WARN_UNINITIALIZED_AUTOS = YES_AGGRESSIVE;
				GCC_WARN_UNUSED_FUNCTION = YES;
				GCC_WARN_UNUSED_VARIABLE = YES;
				IPHONEOS_DEPLOYMENT_TARGET = 12.0;
				MTL_ENABLE_DEBUG_INFO = INCLUDE_SOURCE;
				MTL_FAST_MATH = YES;
				ONLY_ACTIVE_ARCH = YES;
				SDKROOT = iphoneos;
				SWIFT_ACTIVE_COMPILATION_CONDITIONS = DEBUG;
				SWIFT_OPTIMIZATION_LEVEL = "-Onone";
			};
			name = Debug;
		};
		5140B9DF210B2D9500005FEF /* Release */ = {
			isa = XCBuildConfiguration;
			buildSettings = {
				ALWAYS_SEARCH_USER_PATHS = NO;
				CLANG_ANALYZER_NONNULL = YES;
				CLANG_ANALYZER_NUMBER_OBJECT_CONVERSION = YES_AGGRESSIVE;
				CLANG_CXX_LANGUAGE_STANDARD = "gnu++14";
				CLANG_CXX_LIBRARY = "libc++";
				CLANG_ENABLE_MODULES = YES;
				CLANG_ENABLE_OBJC_ARC = YES;
				CLANG_ENABLE_OBJC_WEAK = YES;
				CLANG_WARN_BLOCK_CAPTURE_AUTORELEASING = YES;
				CLANG_WARN_BOOL_CONVERSION = YES;
				CLANG_WARN_COMMA = YES;
				CLANG_WARN_CONSTANT_CONVERSION = YES;
				CLANG_WARN_DEPRECATED_OBJC_IMPLEMENTATIONS = YES;
				CLANG_WARN_DIRECT_OBJC_ISA_USAGE = YES_ERROR;
				CLANG_WARN_DOCUMENTATION_COMMENTS = YES;
				CLANG_WARN_EMPTY_BODY = YES;
				CLANG_WARN_ENUM_CONVERSION = YES;
				CLANG_WARN_INFINITE_RECURSION = YES;
				CLANG_WARN_INT_CONVERSION = YES;
				CLANG_WARN_NON_LITERAL_NULL_CONVERSION = YES;
				CLANG_WARN_OBJC_IMPLICIT_RETAIN_SELF = YES;
				CLANG_WARN_OBJC_LITERAL_CONVERSION = YES;
				CLANG_WARN_OBJC_ROOT_CLASS = YES_ERROR;
				CLANG_WARN_RANGE_LOOP_ANALYSIS = YES;
				CLANG_WARN_STRICT_PROTOTYPES = YES;
				CLANG_WARN_SUSPICIOUS_MOVE = YES;
				CLANG_WARN_UNGUARDED_AVAILABILITY = YES_AGGRESSIVE;
				CLANG_WARN_UNREACHABLE_CODE = YES;
				CLANG_WARN__DUPLICATE_METHOD_MATCH = YES;
				CODE_SIGN_IDENTITY = "iPhone Developer";
				COPY_PHASE_STRIP = NO;
				DEBUG_INFORMATION_FORMAT = "dwarf-with-dsym";
				ENABLE_NS_ASSERTIONS = NO;
				ENABLE_STRICT_OBJC_MSGSEND = YES;
				GCC_C_LANGUAGE_STANDARD = gnu11;
				GCC_NO_COMMON_BLOCKS = YES;
				GCC_WARN_64_TO_32_BIT_CONVERSION = YES;
				GCC_WARN_ABOUT_RETURN_TYPE = YES_ERROR;
				GCC_WARN_UNDECLARED_SELECTOR = YES;
				GCC_WARN_UNINITIALIZED_AUTOS = YES_AGGRESSIVE;
				GCC_WARN_UNUSED_FUNCTION = YES;
				GCC_WARN_UNUSED_VARIABLE = YES;
				IPHONEOS_DEPLOYMENT_TARGET = 12.0;
				MTL_ENABLE_DEBUG_INFO = NO;
				MTL_FAST_MATH = YES;
				SDKROOT = iphoneos;
				SWIFT_COMPILATION_MODE = wholemodule;
				SWIFT_OPTIMIZATION_LEVEL = "-O";
				VALIDATE_PRODUCT = YES;
			};
			name = Release;
		};
		5140B9E1210B2D9500005FEF /* Debug */ = {
			isa = XCBuildConfiguration;
			buildSettings = {
				ASSETCATALOG_COMPILER_APPICON_NAME = AppIcon;
				CODE_SIGN_STYLE = Automatic;
				DEVELOPMENT_TEAM = R77BD8MPA8;
				INFOPLIST_FILE = DrawingAnArrow/Info.plist;
				LD_RUNPATH_SEARCH_PATHS = (
					"$(inherited)",
					"@executable_path/Frameworks",
				);
				PRODUCT_BUNDLE_IDENTIFIER = com.mazharul.huq.DrawingAnArrow;
				PRODUCT_NAME = "$(TARGET_NAME)";
				SWIFT_VERSION = 4.2;
				TARGETED_DEVICE_FAMILY = "1,2";
			};
			name = Debug;
		};
		5140B9E2210B2D9500005FEF /* Release */ = {
			isa = XCBuildConfiguration;
			buildSettings = {
				ASSETCATALOG_COMPILER_APPICON_NAME = AppIcon;
				CODE_SIGN_STYLE = Automatic;
				DEVELOPMENT_TEAM = R77BD8MPA8;
				INFOPLIST_FILE = DrawingAnArrow/Info.plist;
				LD_RUNPATH_SEARCH_PATHS = (
					"$(inherited)",
					"@executable_path/Frameworks",
				);
				PRODUCT_BUNDLE_IDENTIFIER = com.mazharul.huq.DrawingAnArrow;
				PRODUCT_NAME = "$(TARGET_NAME)";
				SWIFT_VERSION = 4.2;
				TARGETED_DEVICE_FAMILY = "1,2";
			};
			name = Release;
		};
/* End XCBuildConfiguration section */

/* Begin XCConfigurationList section */
		5140B9C9210B2D9400005FEF /* Build configuration list for PBXProject "DrawingAnArrow" */ = {
			isa = XCConfigurationList;
			buildConfigurations = (
				5140B9DE210B2D9500005FEF /* Debug */,
				5140B9DF210B2D9500005FEF /* Release */,
			);
			defaultConfigurationIsVisible = 0;
			defaultConfigurationName = Release;
		};
		5140B9E0210B2D9500005FEF /* Build configuration list for PBXNativeTarget "DrawingAnArrow" */ = {
			isa = XCConfigurationList;
			buildConfigurations = (
				5140B9E1210B2D9500005FEF /* Debug */,
				5140B9E2210B2D9500005FEF /* Release */,
			);
			defaultConfigurationIsVisible = 0;
			defaultConfigurationName = Release;
		};
/* End XCConfigurationList section */
	};
	rootObject = 5140B9C6210B2D9400005FEF /* Project object */;
}
